// !$*UTF8*$!
{
	archiveVersion = 1;
	classes = {
	};
	objectVersion = 56;
	objects = {

/* Begin PBXBuildFile section */
		E056E5DD2BE3D0B800EB2917 /* LogInViewController.swift in Sources */ = {isa = PBXBuildFile; fileRef = E056E5DC2BE3D0B800EB2917 /* LogInViewController.swift */; };
		E056E5DF2BE3D1EA00EB2917 /* SignUpViewController.swift in Sources */ = {isa = PBXBuildFile; fileRef = E056E5DE2BE3D1EA00EB2917 /* SignUpViewController.swift */; };
		E056E5E12BE3D31F00EB2917 /* AddNewHabitViewController.swift in Sources */ = {isa = PBXBuildFile; fileRef = E056E5E02BE3D31F00EB2917 /* AddNewHabitViewController.swift */; };
		E056E5E32BE3DF6300EB2917 /* GoogleService-Info.plist in Resources */ = {isa = PBXBuildFile; fileRef = E056E5E22BE3DF6300EB2917 /* GoogleService-Info.plist */; };
		E056E5E62BE3E06C00EB2917 /* FirebaseAuth in Frameworks */ = {isa = PBXBuildFile; productRef = E056E5E52BE3E06C00EB2917 /* FirebaseAuth */; };
		E0D031C22BEE3ABE00B0F1E0 /* FirebaseDatabase in Frameworks */ = {isa = PBXBuildFile; productRef = E0D031C12BEE3ABE00B0F1E0 /* FirebaseDatabase */; };
		E0D031C42BEE3ABE00B0F1E0 /* FirebaseFirestore in Frameworks */ = {isa = PBXBuildFile; productRef = E0D031C32BEE3ABE00B0F1E0 /* FirebaseFirestore */; };
		E0D031C62BEE3ABE00B0F1E0 /* FirebaseStorage in Frameworks */ = {isa = PBXBuildFile; productRef = E0D031C52BEE3ABE00B0F1E0 /* FirebaseStorage */; };
		E0D031C82BEE3B9600B0F1E0 /* FirebaseAnalyticsSwift in Frameworks */ = {isa = PBXBuildFile; productRef = E0D031C72BEE3B9600B0F1E0 /* FirebaseAnalyticsSwift */; };
		E0D031CA2BEE3B9600B0F1E0 /* FirebaseDatabaseSwift in Frameworks */ = {isa = PBXBuildFile; productRef = E0D031C92BEE3B9600B0F1E0 /* FirebaseDatabaseSwift */; };
		E0D031CC2BEE3B9600B0F1E0 /* FirebaseFirestoreSwift in Frameworks */ = {isa = PBXBuildFile; productRef = E0D031CB2BEE3B9600B0F1E0 /* FirebaseFirestoreSwift */; };
		E0D031CE2BEE3B9600B0F1E0 /* FirebaseRemoteConfigSwift in Frameworks */ = {isa = PBXBuildFile; productRef = E0D031CD2BEE3B9600B0F1E0 /* FirebaseRemoteConfigSwift */; };
		E0D031D02BEE3C5800B0F1E0 /* Habit.swift in Sources */ = {isa = PBXBuildFile; fileRef = E0D031CF2BEE3C5800B0F1E0 /* Habit.swift */; };
		E0D031D32BEE3D7A00B0F1E0 /* SDWebImage in Frameworks */ = {isa = PBXBuildFile; productRef = E0D031D22BEE3D7A00B0F1E0 /* SDWebImage */; };
		E0D031D52BEE3D7A00B0F1E0 /* SDWebImageMapKit in Frameworks */ = {isa = PBXBuildFile; productRef = E0D031D42BEE3D7A00B0F1E0 /* SDWebImageMapKit */; };
		E0E55E0C2BE2B3A000DCF1D7 /* AppDelegate.swift in Sources */ = {isa = PBXBuildFile; fileRef = E0E55E0B2BE2B3A000DCF1D7 /* AppDelegate.swift */; };
		E0E55E0E2BE2B3A000DCF1D7 /* SceneDelegate.swift in Sources */ = {isa = PBXBuildFile; fileRef = E0E55E0D2BE2B3A000DCF1D7 /* SceneDelegate.swift */; };
		E0E55E102BE2B3A000DCF1D7 /* ViewController.swift in Sources */ = {isa = PBXBuildFile; fileRef = E0E55E0F2BE2B3A000DCF1D7 /* ViewController.swift */; };
		E0E55E132BE2B3A000DCF1D7 /* Base in Resources */ = {isa = PBXBuildFile; fileRef = E0E55E122BE2B3A000DCF1D7 /* Base */; };
		E0E55E152BE2B3AC00DCF1D7 /* Assets.xcassets in Resources */ = {isa = PBXBuildFile; fileRef = E0E55E142BE2B3AC00DCF1D7 /* Assets.xcassets */; };
		E0E55E182BE2B3AC00DCF1D7 /* Base in Resources */ = {isa = PBXBuildFile; fileRef = E0E55E172BE2B3AC00DCF1D7 /* Base */; };
		E0E55E232BE2B3AC00DCF1D7 /* HabbityTests.swift in Sources */ = {isa = PBXBuildFile; fileRef = E0E55E222BE2B3AC00DCF1D7 /* HabbityTests.swift */; };
		E0E55E2D2BE2B3AC00DCF1D7 /* HabbityUITests.swift in Sources */ = {isa = PBXBuildFile; fileRef = E0E55E2C2BE2B3AC00DCF1D7 /* HabbityUITests.swift */; };
		E0E55E2F2BE2B3AC00DCF1D7 /* HabbityUITestsLaunchTests.swift in Sources */ = {isa = PBXBuildFile; fileRef = E0E55E2E2BE2B3AC00DCF1D7 /* HabbityUITestsLaunchTests.swift */; };
		E0E55E3E2BE2B92200DCF1D7 /* CollectionViewCell.swift in Sources */ = {isa = PBXBuildFile; fileRef = E0E55E3D2BE2B92200DCF1D7 /* CollectionViewCell.swift */; };
/* End PBXBuildFile section */

/* Begin PBXContainerItemProxy section */
		E0E55E1F2BE2B3AC00DCF1D7 /* PBXContainerItemProxy */ = {
			isa = PBXContainerItemProxy;
			containerPortal = E0E55E002BE2B3A000DCF1D7 /* Project object */;
			proxyType = 1;
			remoteGlobalIDString = E0E55E072BE2B3A000DCF1D7;
			remoteInfo = Habbity;
		};
		E0E55E292BE2B3AC00DCF1D7 /* PBXContainerItemProxy */ = {
			isa = PBXContainerItemProxy;
			containerPortal = E0E55E002BE2B3A000DCF1D7 /* Project object */;
			proxyType = 1;
			remoteGlobalIDString = E0E55E072BE2B3A000DCF1D7;
			remoteInfo = Habbity;
		};
/* End PBXContainerItemProxy section */

/* Begin PBXFileReference section */
		E056E5DC2BE3D0B800EB2917 /* LogInViewController.swift */ = {isa = PBXFileReference; lastKnownFileType = sourcecode.swift; path = LogInViewController.swift; sourceTree = "<group>"; };
		E056E5DE2BE3D1EA00EB2917 /* SignUpViewController.swift */ = {isa = PBXFileReference; lastKnownFileType = sourcecode.swift; path = SignUpViewController.swift; sourceTree = "<group>"; };
		E056E5E02BE3D31F00EB2917 /* AddNewHabitViewController.swift */ = {isa = PBXFileReference; lastKnownFileType = sourcecode.swift; path = AddNewHabitViewController.swift; sourceTree = "<group>"; };
		E056E5E22BE3DF6300EB2917 /* GoogleService-Info.plist */ = {isa = PBXFileReference; fileEncoding = 4; lastKnownFileType = text.plist.xml; path = "GoogleService-Info.plist"; sourceTree = "<group>"; };
		E0D031CF2BEE3C5800B0F1E0 /* Habit.swift */ = {isa = PBXFileReference; lastKnownFileType = sourcecode.swift; path = Habit.swift; sourceTree = "<group>"; };
		E0E55E082BE2B3A000DCF1D7 /* Habbity.app */ = {isa = PBXFileReference; explicitFileType = wrapper.application; includeInIndex = 0; path = Habbity.app; sourceTree = BUILT_PRODUCTS_DIR; };
		E0E55E0B2BE2B3A000DCF1D7 /* AppDelegate.swift */ = {isa = PBXFileReference; lastKnownFileType = sourcecode.swift; path = AppDelegate.swift; sourceTree = "<group>"; };
		E0E55E0D2BE2B3A000DCF1D7 /* SceneDelegate.swift */ = {isa = PBXFileReference; lastKnownFileType = sourcecode.swift; path = SceneDelegate.swift; sourceTree = "<group>"; };
		E0E55E0F2BE2B3A000DCF1D7 /* ViewController.swift */ = {isa = PBXFileReference; lastKnownFileType = sourcecode.swift; path = ViewController.swift; sourceTree = "<group>"; };
		E0E55E122BE2B3A000DCF1D7 /* Base */ = {isa = PBXFileReference; lastKnownFileType = file.storyboard; name = Base; path = Base.lproj/Main.storyboard; sourceTree = "<group>"; };
		E0E55E142BE2B3AC00DCF1D7 /* Assets.xcassets */ = {isa = PBXFileReference; lastKnownFileType = folder.assetcatalog; path = Assets.xcassets; sourceTree = "<group>"; };
		E0E55E172BE2B3AC00DCF1D7 /* Base */ = {isa = PBXFileReference; lastKnownFileType = file.storyboard; name = Base; path = Base.lproj/LaunchScreen.storyboard; sourceTree = "<group>"; };
		E0E55E192BE2B3AC00DCF1D7 /* Info.plist */ = {isa = PBXFileReference; lastKnownFileType = text.plist.xml; path = Info.plist; sourceTree = "<group>"; };
		E0E55E1E2BE2B3AC00DCF1D7 /* HabbityTests.xctest */ = {isa = PBXFileReference; explicitFileType = wrapper.cfbundle; includeInIndex = 0; path = HabbityTests.xctest; sourceTree = BUILT_PRODUCTS_DIR; };
		E0E55E222BE2B3AC00DCF1D7 /* HabbityTests.swift */ = {isa = PBXFileReference; lastKnownFileType = sourcecode.swift; path = HabbityTests.swift; sourceTree = "<group>"; };
		E0E55E282BE2B3AC00DCF1D7 /* HabbityUITests.xctest */ = {isa = PBXFileReference; explicitFileType = wrapper.cfbundle; includeInIndex = 0; path = HabbityUITests.xctest; sourceTree = BUILT_PRODUCTS_DIR; };
		E0E55E2C2BE2B3AC00DCF1D7 /* HabbityUITests.swift */ = {isa = PBXFileReference; lastKnownFileType = sourcecode.swift; path = HabbityUITests.swift; sourceTree = "<group>"; };
		E0E55E2E2BE2B3AC00DCF1D7 /* HabbityUITestsLaunchTests.swift */ = {isa = PBXFileReference; lastKnownFileType = sourcecode.swift; path = HabbityUITestsLaunchTests.swift; sourceTree = "<group>"; };
		E0E55E3D2BE2B92200DCF1D7 /* CollectionViewCell.swift */ = {isa = PBXFileReference; lastKnownFileType = sourcecode.swift; path = CollectionViewCell.swift; sourceTree = "<group>"; };
/* End PBXFileReference section */

/* Begin PBXFrameworksBuildPhase section */
		E0E55E052BE2B3A000DCF1D7 /* Frameworks */ = {
			isa = PBXFrameworksBuildPhase;
			buildActionMask = 2147483647;
			files = (
				E0D031CA2BEE3B9600B0F1E0 /* FirebaseDatabaseSwift in Frameworks */,
				E0D031CE2BEE3B9600B0F1E0 /* FirebaseRemoteConfigSwift in Frameworks */,
				E0D031C22BEE3ABE00B0F1E0 /* FirebaseDatabase in Frameworks */,
				E0D031C62BEE3ABE00B0F1E0 /* FirebaseStorage in Frameworks */,
				E0D031CC2BEE3B9600B0F1E0 /* FirebaseFirestoreSwift in Frameworks */,
				E056E5E62BE3E06C00EB2917 /* FirebaseAuth in Frameworks */,
				E0D031D52BEE3D7A00B0F1E0 /* SDWebImageMapKit in Frameworks */,
				E0D031D32BEE3D7A00B0F1E0 /* SDWebImage in Frameworks */,
				E0D031C42BEE3ABE00B0F1E0 /* FirebaseFirestore in Frameworks */,
				E0D031C82BEE3B9600B0F1E0 /* FirebaseAnalyticsSwift in Frameworks */,
			);
			runOnlyForDeploymentPostprocessing = 0;
		};
		E0E55E1B2BE2B3AC00DCF1D7 /* Frameworks */ = {
			isa = PBXFrameworksBuildPhase;
			buildActionMask = 2147483647;
			files = (
			);
			runOnlyForDeploymentPostprocessing = 0;
		};
		E0E55E252BE2B3AC00DCF1D7 /* Frameworks */ = {
			isa = PBXFrameworksBuildPhase;
			buildActionMask = 2147483647;
			files = (
			);
			runOnlyForDeploymentPostprocessing = 0;
		};
/* End PBXFrameworksBuildPhase section */

/* Begin PBXGroup section */
		E0D031C02BEE3ABE00B0F1E0 /* Frameworks */ = {
			isa = PBXGroup;
			children = (
			);
			name = Frameworks;
			sourceTree = "<group>";
		};
		E0E55DFF2BE2B3A000DCF1D7 = {
			isa = PBXGroup;
			children = (
				E0E55E0A2BE2B3A000DCF1D7 /* Habbity */,
				E0E55E212BE2B3AC00DCF1D7 /* HabbityTests */,
				E0E55E2B2BE2B3AC00DCF1D7 /* HabbityUITests */,
				E0E55E092BE2B3A000DCF1D7 /* Products */,
				E0D031C02BEE3ABE00B0F1E0 /* Frameworks */,
			);
			sourceTree = "<group>";
		};
		E0E55E092BE2B3A000DCF1D7 /* Products */ = {
			isa = PBXGroup;
			children = (
				E0E55E082BE2B3A000DCF1D7 /* Habbity.app */,
				E0E55E1E2BE2B3AC00DCF1D7 /* HabbityTests.xctest */,
				E0E55E282BE2B3AC00DCF1D7 /* HabbityUITests.xctest */,
			);
			name = Products;
			sourceTree = "<group>";
		};
		E0E55E0A2BE2B3A000DCF1D7 /* Habbity */ = {
			isa = PBXGroup;
			children = (
				E0E55E0B2BE2B3A000DCF1D7 /* AppDelegate.swift */,
				E0E55E3D2BE2B92200DCF1D7 /* CollectionViewCell.swift */,
				E0E55E0D2BE2B3A000DCF1D7 /* SceneDelegate.swift */,
				E0E55E0F2BE2B3A000DCF1D7 /* ViewController.swift */,
				E0E55E112BE2B3A000DCF1D7 /* Main.storyboard */,
				E056E5E02BE3D31F00EB2917 /* AddNewHabitViewController.swift */,
				E056E5DE2BE3D1EA00EB2917 /* SignUpViewController.swift */,
				E056E5DC2BE3D0B800EB2917 /* LogInViewController.swift */,
				E0E55E142BE2B3AC00DCF1D7 /* Assets.xcassets */,
				E0E55E162BE2B3AC00DCF1D7 /* LaunchScreen.storyboard */,
				E0E55E192BE2B3AC00DCF1D7 /* Info.plist */,
				E056E5E22BE3DF6300EB2917 /* GoogleService-Info.plist */,
				E0D031CF2BEE3C5800B0F1E0 /* Habit.swift */,
			);
			path = Habbity;
			sourceTree = "<group>";
		};
		E0E55E212BE2B3AC00DCF1D7 /* HabbityTests */ = {
			isa = PBXGroup;
			children = (
				E0E55E222BE2B3AC00DCF1D7 /* HabbityTests.swift */,
			);
			path = HabbityTests;
			sourceTree = "<group>";
		};
		E0E55E2B2BE2B3AC00DCF1D7 /* HabbityUITests */ = {
			isa = PBXGroup;
			children = (
				E0E55E2C2BE2B3AC00DCF1D7 /* HabbityUITests.swift */,
				E0E55E2E2BE2B3AC00DCF1D7 /* HabbityUITestsLaunchTests.swift */,
			);
			path = HabbityUITests;
			sourceTree = "<group>";
		};
/* End PBXGroup section */

/* Begin PBXNativeTarget section */
		E0E55E072BE2B3A000DCF1D7 /* Habbity */ = {
			isa = PBXNativeTarget;
			buildConfigurationList = E0E55E322BE2B3AC00DCF1D7 /* Build configuration list for PBXNativeTarget "Habbity" */;
			buildPhases = (
				E0E55E042BE2B3A000DCF1D7 /* Sources */,
				E0E55E052BE2B3A000DCF1D7 /* Frameworks */,
				E0E55E062BE2B3A000DCF1D7 /* Resources */,
			);
			buildRules = (
			);
			dependencies = (
			);
			name = Habbity;
			packageProductDependencies = (
				E056E5E52BE3E06C00EB2917 /* FirebaseAuth */,
				E0D031C12BEE3ABE00B0F1E0 /* FirebaseDatabase */,
				E0D031C32BEE3ABE00B0F1E0 /* FirebaseFirestore */,
				E0D031C52BEE3ABE00B0F1E0 /* FirebaseStorage */,
				E0D031C72BEE3B9600B0F1E0 /* FirebaseAnalyticsSwift */,
				E0D031C92BEE3B9600B0F1E0 /* FirebaseDatabaseSwift */,
				E0D031CB2BEE3B9600B0F1E0 /* FirebaseFirestoreSwift */,
				E0D031CD2BEE3B9600B0F1E0 /* FirebaseRemoteConfigSwift */,
				E0D031D22BEE3D7A00B0F1E0 /* SDWebImage */,
				E0D031D42BEE3D7A00B0F1E0 /* SDWebImageMapKit */,
			);
			productName = Habbity;
			productReference = E0E55E082BE2B3A000DCF1D7 /* Habbity.app */;
			productType = "com.apple.product-type.application";
		};
		E0E55E1D2BE2B3AC00DCF1D7 /* HabbityTests */ = {
			isa = PBXNativeTarget;
			buildConfigurationList = E0E55E352BE2B3AC00DCF1D7 /* Build configuration list for PBXNativeTarget "HabbityTests" */;
			buildPhases = (
				E0E55E1A2BE2B3AC00DCF1D7 /* Sources */,
				E0E55E1B2BE2B3AC00DCF1D7 /* Frameworks */,
				E0E55E1C2BE2B3AC00DCF1D7 /* Resources */,
			);
			buildRules = (
			);
			dependencies = (
				E0E55E202BE2B3AC00DCF1D7 /* PBXTargetDependency */,
			);
			name = HabbityTests;
			productName = HabbityTests;
			productReference = E0E55E1E2BE2B3AC00DCF1D7 /* HabbityTests.xctest */;
			productType = "com.apple.product-type.bundle.unit-test";
		};
		E0E55E272BE2B3AC00DCF1D7 /* HabbityUITests */ = {
			isa = PBXNativeTarget;
			buildConfigurationList = E0E55E382BE2B3AC00DCF1D7 /* Build configuration list for PBXNativeTarget "HabbityUITests" */;
			buildPhases = (
				E0E55E242BE2B3AC00DCF1D7 /* Sources */,
				E0E55E252BE2B3AC00DCF1D7 /* Frameworks */,
				E0E55E262BE2B3AC00DCF1D7 /* Resources */,
			);
			buildRules = (
			);
			dependencies = (
				E0E55E2A2BE2B3AC00DCF1D7 /* PBXTargetDependency */,
			);
			name = HabbityUITests;
			productName = HabbityUITests;
			productReference = E0E55E282BE2B3AC00DCF1D7 /* HabbityUITests.xctest */;
			productType = "com.apple.product-type.bundle.ui-testing";
		};
/* End PBXNativeTarget section */

/* Begin PBXProject section */
		E0E55E002BE2B3A000DCF1D7 /* Project object */ = {
			isa = PBXProject;
			attributes = {
				BuildIndependentTargetsInParallel = 1;
				LastSwiftUpdateCheck = 1530;
				LastUpgradeCheck = 1530;
				TargetAttributes = {
					E0E55E072BE2B3A000DCF1D7 = {
						CreatedOnToolsVersion = 15.3;
					};
					E0E55E1D2BE2B3AC00DCF1D7 = {
						CreatedOnToolsVersion = 15.3;
						TestTargetID = E0E55E072BE2B3A000DCF1D7;
					};
					E0E55E272BE2B3AC00DCF1D7 = {
						CreatedOnToolsVersion = 15.3;
						TestTargetID = E0E55E072BE2B3A000DCF1D7;
					};
				};
			};
			buildConfigurationList = E0E55E032BE2B3A000DCF1D7 /* Build configuration list for PBXProject "Habbity" */;
			compatibilityVersion = "Xcode 14.0";
			developmentRegion = en;
			hasScannedForEncodings = 0;
			knownRegions = (
				en,
				Base,
			);
			mainGroup = E0E55DFF2BE2B3A000DCF1D7;
			packageReferences = (
				E056E5E42BE3E06C00EB2917 /* XCRemoteSwiftPackageReference "firebase-ios-sdk" */,
				E0D031D12BEE3D6D00B0F1E0 /* XCRemoteSwiftPackageReference "SDWebImage" */,
			);
			productRefGroup = E0E55E092BE2B3A000DCF1D7 /* Products */;
			projectDirPath = "";
			projectRoot = "";
			targets = (
				E0E55E072BE2B3A000DCF1D7 /* Habbity */,
				E0E55E1D2BE2B3AC00DCF1D7 /* HabbityTests */,
				E0E55E272BE2B3AC00DCF1D7 /* HabbityUITests */,
			);
		};
/* End PBXProject section */

/* Begin PBXResourcesBuildPhase section */
		E0E55E062BE2B3A000DCF1D7 /* Resources */ = {
			isa = PBXResourcesBuildPhase;
			buildActionMask = 2147483647;
			files = (
				E0E55E152BE2B3AC00DCF1D7 /* Assets.xcassets in Resources */,
				E056E5E32BE3DF6300EB2917 /* GoogleService-Info.plist in Resources */,
				E0E55E182BE2B3AC00DCF1D7 /* Base in Resources */,
				E0E55E132BE2B3A000DCF1D7 /* Base in Resources */,
			);
			runOnlyForDeploymentPostprocessing = 0;
		};
		E0E55E1C2BE2B3AC00DCF1D7 /* Resources */ = {
			isa = PBXResourcesBuildPhase;
			buildActionMask = 2147483647;
			files = (
			);
			runOnlyForDeploymentPostprocessing = 0;
		};
		E0E55E262BE2B3AC00DCF1D7 /* Resources */ = {
			isa = PBXResourcesBuildPhase;
			buildActionMask = 2147483647;
			files = (
			);
			runOnlyForDeploymentPostprocessing = 0;
		};
/* End PBXResourcesBuildPhase section */

/* Begin PBXSourcesBuildPhase section */
		E0E55E042BE2B3A000DCF1D7 /* Sources */ = {
			isa = PBXSourcesBuildPhase;
			buildActionMask = 2147483647;
			files = (
				E0E55E102BE2B3A000DCF1D7 /* ViewController.swift in Sources */,
				E056E5DF2BE3D1EA00EB2917 /* SignUpViewController.swift in Sources */,
				E0E55E0C2BE2B3A000DCF1D7 /* AppDelegate.swift in Sources */,
				E056E5DD2BE3D0B800EB2917 /* LogInViewController.swift in Sources */,
				E056E5E12BE3D31F00EB2917 /* AddNewHabitViewController.swift in Sources */,
				E0E55E3E2BE2B92200DCF1D7 /* CollectionViewCell.swift in Sources */,
				E0D031D02BEE3C5800B0F1E0 /* Habit.swift in Sources */,
				E0E55E0E2BE2B3A000DCF1D7 /* SceneDelegate.swift in Sources */,
			);
			runOnlyForDeploymentPostprocessing = 0;
		};
		E0E55E1A2BE2B3AC00DCF1D7 /* Sources */ = {
			isa = PBXSourcesBuildPhase;
			buildActionMask = 2147483647;
			files = (
				E0E55E232BE2B3AC00DCF1D7 /* HabbityTests.swift in Sources */,
			);
			runOnlyForDeploymentPostprocessing = 0;
		};
		E0E55E242BE2B3AC00DCF1D7 /* Sources */ = {
			isa = PBXSourcesBuildPhase;
			buildActionMask = 2147483647;
			files = (
				E0E55E2F2BE2B3AC00DCF1D7 /* HabbityUITestsLaunchTests.swift in Sources */,
				E0E55E2D2BE2B3AC00DCF1D7 /* HabbityUITests.swift in Sources */,
			);
			runOnlyForDeploymentPostprocessing = 0;
		};
/* End PBXSourcesBuildPhase section */

/* Begin PBXTargetDependency section */
		E0E55E202BE2B3AC00DCF1D7 /* PBXTargetDependency */ = {
			isa = PBXTargetDependency;
			target = E0E55E072BE2B3A000DCF1D7 /* Habbity */;
			targetProxy = E0E55E1F2BE2B3AC00DCF1D7 /* PBXContainerItemProxy */;
		};
		E0E55E2A2BE2B3AC00DCF1D7 /* PBXTargetDependency */ = {
			isa = PBXTargetDependency;
			target = E0E55E072BE2B3A000DCF1D7 /* Habbity */;
			targetProxy = E0E55E292BE2B3AC00DCF1D7 /* PBXContainerItemProxy */;
		};
/* End PBXTargetDependency section */

/* Begin PBXVariantGroup section */
		E0E55E112BE2B3A000DCF1D7 /* Main.storyboard */ = {
			isa = PBXVariantGroup;
			children = (
				E0E55E122BE2B3A000DCF1D7 /* Base */,
			);
			name = Main.storyboard;
			sourceTree = "<group>";
		};
		E0E55E162BE2B3AC00DCF1D7 /* LaunchScreen.storyboard */ = {
			isa = PBXVariantGroup;
			children = (
				E0E55E172BE2B3AC00DCF1D7 /* Base */,
			);
			name = LaunchScreen.storyboard;
			sourceTree = "<group>";
		};
/* End PBXVariantGroup section */

/* Begin XCBuildConfiguration section */
		E0E55E302BE2B3AC00DCF1D7 /* Debug */ = {
			isa = XCBuildConfiguration;
			buildSettings = {
				ALWAYS_SEARCH_USER_PATHS = NO;
				ASSETCATALOG_COMPILER_GENERATE_SWIFT_ASSET_SYMBOL_EXTENSIONS = YES;
				CLANG_ANALYZER_NONNULL = YES;
				CLANG_ANALYZER_NUMBER_OBJECT_CONVERSION = YES_AGGRESSIVE;
				CLANG_CXX_LANGUAGE_STANDARD = "gnu++20";
				CLANG_ENABLE_MODULES = YES;
				CLANG_ENABLE_OBJC_ARC = YES;
				CLANG_ENABLE_OBJC_WEAK = YES;
				CLANG_WARN_BLOCK_CAPTURE_AUTORELEASING = YES;
				CLANG_WARN_BOOL_CONVERSION = YES;
				CLANG_WARN_COMMA = YES;
				CLANG_WARN_CONSTANT_CONVERSION = YES;
				CLANG_WARN_DEPRECATED_OBJC_IMPLEMENTATIONS = YES;
				CLANG_WARN_DIRECT_OBJC_ISA_USAGE = YES_ERROR;
				CLANG_WARN_DOCUMENTATION_COMMENTS = YES;
				CLANG_WARN_EMPTY_BODY = YES;
				CLANG_WARN_ENUM_CONVERSION = YES;
				CLANG_WARN_INFINITE_RECURSION = YES;
				CLANG_WARN_INT_CONVERSION = YES;
				CLANG_WARN_NON_LITERAL_NULL_CONVERSION = YES;
				CLANG_WARN_OBJC_IMPLICIT_RETAIN_SELF = YES;
				CLANG_WARN_OBJC_LITERAL_CONVERSION = YES;
				CLANG_WARN_OBJC_ROOT_CLASS = YES_ERROR;
				CLANG_WARN_QUOTED_INCLUDE_IN_FRAMEWORK_HEADER = YES;
				CLANG_WARN_RANGE_LOOP_ANALYSIS = YES;
				CLANG_WARN_STRICT_PROTOTYPES = YES;
				CLANG_WARN_SUSPICIOUS_MOVE = YES;
				CLANG_WARN_UNGUARDED_AVAILABILITY = YES_AGGRESSIVE;
				CLANG_WARN_UNREACHABLE_CODE = YES;
				CLANG_WARN__DUPLICATE_METHOD_MATCH = YES;
				COPY_PHASE_STRIP = NO;
				DEBUG_INFORMATION_FORMAT = dwarf;
				ENABLE_STRICT_OBJC_MSGSEND = YES;
				ENABLE_TESTABILITY = YES;
				ENABLE_USER_SCRIPT_SANDBOXING = YES;
				GCC_C_LANGUAGE_STANDARD = gnu17;
				GCC_DYNAMIC_NO_PIC = NO;
				GCC_NO_COMMON_BLOCKS = YES;
				GCC_OPTIMIZATION_LEVEL = 0;
				GCC_PREPROCESSOR_DEFINITIONS = (
					"DEBUG=1",
					"$(inherited)",
				);
				GCC_WARN_64_TO_32_BIT_CONVERSION = YES;
				GCC_WARN_ABOUT_RETURN_TYPE = YES_ERROR;
				GCC_WARN_UNDECLARED_SELECTOR = YES;
				GCC_WARN_UNINITIALIZED_AUTOS = YES_AGGRESSIVE;
				GCC_WARN_UNUSED_FUNCTION = YES;
				GCC_WARN_UNUSED_VARIABLE = YES;
				IPHONEOS_DEPLOYMENT_TARGET = 17.4;
				LOCALIZATION_PREFERS_STRING_CATALOGS = YES;
				MTL_ENABLE_DEBUG_INFO = INCLUDE_SOURCE;
				MTL_FAST_MATH = YES;
				ONLY_ACTIVE_ARCH = YES;
				SDKROOT = iphoneos;
				SWIFT_ACTIVE_COMPILATION_CONDITIONS = "DEBUG $(inherited)";
				SWIFT_OPTIMIZATION_LEVEL = "-Onone";
			};
			name = Debug;
		};
		E0E55E312BE2B3AC00DCF1D7 /* Release */ = {
			isa = XCBuildConfiguration;
			buildSettings = {
				ALWAYS_SEARCH_USER_PATHS = NO;
				ASSETCATALOG_COMPILER_GENERATE_SWIFT_ASSET_SYMBOL_EXTENSIONS = YES;
				CLANG_ANALYZER_NONNULL = YES;
				CLANG_ANALYZER_NUMBER_OBJECT_CONVERSION = YES_AGGRESSIVE;
				CLANG_CXX_LANGUAGE_STANDARD = "gnu++20";
				CLANG_ENABLE_MODULES = YES;
				CLANG_ENABLE_OBJC_ARC = YES;
				CLANG_ENABLE_OBJC_WEAK = YES;
				CLANG_WARN_BLOCK_CAPTURE_AUTORELEASING = YES;
				CLANG_WARN_BOOL_CONVERSION = YES;
				CLANG_WARN_COMMA = YES;
				CLANG_WARN_CONSTANT_CONVERSION = YES;
				CLANG_WARN_DEPRECATED_OBJC_IMPLEMENTATIONS = YES;
				CLANG_WARN_DIRECT_OBJC_ISA_USAGE = YES_ERROR;
				CLANG_WARN_DOCUMENTATION_COMMENTS = YES;
				CLANG_WARN_EMPTY_BODY = YES;
				CLANG_WARN_ENUM_CONVERSION = YES;
				CLANG_WARN_INFINITE_RECURSION = YES;
				CLANG_WARN_INT_CONVERSION = YES;
				CLANG_WARN_NON_LITERAL_NULL_CONVERSION = YES;
				CLANG_WARN_OBJC_IMPLICIT_RETAIN_SELF = YES;
				CLANG_WARN_OBJC_LITERAL_CONVERSION = YES;
				CLANG_WARN_OBJC_ROOT_CLASS = YES_ERROR;
				CLANG_WARN_QUOTED_INCLUDE_IN_FRAMEWORK_HEADER = YES;
				CLANG_WARN_RANGE_LOOP_ANALYSIS = YES;
				CLANG_WARN_STRICT_PROTOTYPES = YES;
				CLANG_WARN_SUSPICIOUS_MOVE = YES;
				CLANG_WARN_UNGUARDED_AVAILABILITY = YES_AGGRESSIVE;
				CLANG_WARN_UNREACHABLE_CODE = YES;
				CLANG_WARN__DUPLICATE_METHOD_MATCH = YES;
				COPY_PHASE_STRIP = NO;
				DEBUG_INFORMATION_FORMAT = "dwarf-with-dsym";
				ENABLE_NS_ASSERTIONS = NO;
				ENABLE_STRICT_OBJC_MSGSEND = YES;
				ENABLE_USER_SCRIPT_SANDBOXING = YES;
				GCC_C_LANGUAGE_STANDARD = gnu17;
				GCC_NO_COMMON_BLOCKS = YES;
				GCC_WARN_64_TO_32_BIT_CONVERSION = YES;
				GCC_WARN_ABOUT_RETURN_TYPE = YES_ERROR;
				GCC_WARN_UNDECLARED_SELECTOR = YES;
				GCC_WARN_UNINITIALIZED_AUTOS = YES_AGGRESSIVE;
				GCC_WARN_UNUSED_FUNCTION = YES;
				GCC_WARN_UNUSED_VARIABLE = YES;
				IPHONEOS_DEPLOYMENT_TARGET = 17.4;
				LOCALIZATION_PREFERS_STRING_CATALOGS = YES;
				MTL_ENABLE_DEBUG_INFO = NO;
				MTL_FAST_MATH = YES;
				SDKROOT = iphoneos;
				SWIFT_COMPILATION_MODE = wholemodule;
				VALIDATE_PRODUCT = YES;
			};
			name = Release;
		};
		E0E55E332BE2B3AC00DCF1D7 /* Debug */ = {
			isa = XCBuildConfiguration;
			buildSettings = {
				ASSETCATALOG_COMPILER_APPICON_NAME = AppIcon;
				ASSETCATALOG_COMPILER_GLOBAL_ACCENT_COLOR_NAME = AccentColor;
				CODE_SIGN_STYLE = Automatic;
				CURRENT_PROJECT_VERSION = 1;
				DEVELOPMENT_TEAM = "";
				GENERATE_INFOPLIST_FILE = YES;
				INFOPLIST_FILE = Habbity/Info.plist;
				INFOPLIST_KEY_UIApplicationSupportsIndirectInputEvents = YES;
				INFOPLIST_KEY_UILaunchStoryboardName = LaunchScreen;
				INFOPLIST_KEY_UIMainStoryboardFile = Main;
				INFOPLIST_KEY_UISupportedInterfaceOrientations_iPad = "UIInterfaceOrientationPortrait UIInterfaceOrientationPortraitUpsideDown UIInterfaceOrientationLandscapeLeft UIInterfaceOrientationLandscapeRight";
				INFOPLIST_KEY_UISupportedInterfaceOrientations_iPhone = "UIInterfaceOrientationPortrait UIInterfaceOrientationLandscapeLeft UIInterfaceOrientationLandscapeRight";
				LD_RUNPATH_SEARCH_PATHS = (
					"$(inherited)",
					"@executable_path/Frameworks",
				);
				MARKETING_VERSION = 1.0;
				PRODUCT_BUNDLE_IDENTIFIER = habbity.Habbity;
				PRODUCT_NAME = "$(TARGET_NAME)";
				SWIFT_EMIT_LOC_STRINGS = YES;
				SWIFT_VERSION = 5.0;
				TARGETED_DEVICE_FAMILY = "1,2";
			};
			name = Debug;
		};
		E0E55E342BE2B3AC00DCF1D7 /* Release */ = {
			isa = XCBuildConfiguration;
			buildSettings = {
				ASSETCATALOG_COMPILER_APPICON_NAME = AppIcon;
				ASSETCATALOG_COMPILER_GLOBAL_ACCENT_COLOR_NAME = AccentColor;
				CODE_SIGN_STYLE = Automatic;
				CURRENT_PROJECT_VERSION = 1;
				DEVELOPMENT_TEAM = "";
				GENERATE_INFOPLIST_FILE = YES;
				INFOPLIST_FILE = Habbity/Info.plist;
				INFOPLIST_KEY_UIApplicationSupportsIndirectInputEvents = YES;
				INFOPLIST_KEY_UILaunchStoryboardName = LaunchScreen;
				INFOPLIST_KEY_UIMainStoryboardFile = Main;
				INFOPLIST_KEY_UISupportedInterfaceOrientations_iPad = "UIInterfaceOrientationPortrait UIInterfaceOrientationPortraitUpsideDown UIInterfaceOrientationLandscapeLeft UIInterfaceOrientationLandscapeRight";
				INFOPLIST_KEY_UISupportedInterfaceOrientations_iPhone = "UIInterfaceOrientationPortrait UIInterfaceOrientationLandscapeLeft UIInterfaceOrientationLandscapeRight";
				LD_RUNPATH_SEARCH_PATHS = (
					"$(inherited)",
					"@executable_path/Frameworks",
				);
				MARKETING_VERSION = 1.0;
				PRODUCT_BUNDLE_IDENTIFIER = habbity.Habbity;
				PRODUCT_NAME = "$(TARGET_NAME)";
				SWIFT_EMIT_LOC_STRINGS = YES;
				SWIFT_VERSION = 5.0;
				TARGETED_DEVICE_FAMILY = "1,2";
			};
			name = Release;
		};
		E0E55E362BE2B3AC00DCF1D7 /* Debug */ = {
			isa = XCBuildConfiguration;
			buildSettings = {
				ALWAYS_EMBED_SWIFT_STANDARD_LIBRARIES = YES;
				BUNDLE_LOADER = "$(TEST_HOST)";
				CODE_SIGN_STYLE = Automatic;
				CURRENT_PROJECT_VERSION = 1;
				GENERATE_INFOPLIST_FILE = YES;
				IPHONEOS_DEPLOYMENT_TARGET = 17.4;
				MARKETING_VERSION = 1.0;
				PRODUCT_BUNDLE_IDENTIFIER = habbity.HabbityTests;
				PRODUCT_NAME = "$(TARGET_NAME)";
				SWIFT_EMIT_LOC_STRINGS = NO;
				SWIFT_VERSION = 5.0;
				TARGETED_DEVICE_FAMILY = "1,2";
				TEST_HOST = "$(BUILT_PRODUCTS_DIR)/Habbity.app/$(BUNDLE_EXECUTABLE_FOLDER_PATH)/Habbity";
			};
			name = Debug;
		};
		E0E55E372BE2B3AC00DCF1D7 /* Release */ = {
			isa = XCBuildConfiguration;
			buildSettings = {
				ALWAYS_EMBED_SWIFT_STANDARD_LIBRARIES = YES;
				BUNDLE_LOADER = "$(TEST_HOST)";
				CODE_SIGN_STYLE = Automatic;
				CURRENT_PROJECT_VERSION = 1;
				GENERATE_INFOPLIST_FILE = YES;
				IPHONEOS_DEPLOYMENT_TARGET = 17.4;
				MARKETING_VERSION = 1.0;
				PRODUCT_BUNDLE_IDENTIFIER = habbity.HabbityTests;
				PRODUCT_NAME = "$(TARGET_NAME)";
				SWIFT_EMIT_LOC_STRINGS = NO;
				SWIFT_VERSION = 5.0;
				TARGETED_DEVICE_FAMILY = "1,2";
				TEST_HOST = "$(BUILT_PRODUCTS_DIR)/Habbity.app/$(BUNDLE_EXECUTABLE_FOLDER_PATH)/Habbity";
			};
			name = Release;
		};
		E0E55E392BE2B3AC00DCF1D7 /* Debug */ = {
			isa = XCBuildConfiguration;
			buildSettings = {
				ALWAYS_EMBED_SWIFT_STANDARD_LIBRARIES = YES;
				CODE_SIGN_STYLE = Automatic;
				CURRENT_PROJECT_VERSION = 1;
				GENERATE_INFOPLIST_FILE = YES;
				MARKETING_VERSION = 1.0;
				PRODUCT_BUNDLE_IDENTIFIER = habbity.HabbityUITests;
				PRODUCT_NAME = "$(TARGET_NAME)";
				SWIFT_EMIT_LOC_STRINGS = NO;
				SWIFT_VERSION = 5.0;
				TARGETED_DEVICE_FAMILY = "1,2";
				TEST_TARGET_NAME = Habbity;
			};
			name = Debug;
		};
		E0E55E3A2BE2B3AC00DCF1D7 /* Release */ = {
			isa = XCBuildConfiguration;
			buildSettings = {
				ALWAYS_EMBED_SWIFT_STANDARD_LIBRARIES = YES;
				CODE_SIGN_STYLE = Automatic;
				CURRENT_PROJECT_VERSION = 1;
				GENERATE_INFOPLIST_FILE = YES;
				MARKETING_VERSION = 1.0;
				PRODUCT_BUNDLE_IDENTIFIER = habbity.HabbityUITests;
				PRODUCT_NAME = "$(TARGET_NAME)";
				SWIFT_EMIT_LOC_STRINGS = NO;
				SWIFT_VERSION = 5.0;
				TARGETED_DEVICE_FAMILY = "1,2";
				TEST_TARGET_NAME = Habbity;
			};
			name = Release;
		};
/* End XCBuildConfiguration section */

/* Begin XCConfigurationList section */
		E0E55E032BE2B3A000DCF1D7 /* Build configuration list for PBXProject "Habbity" */ = {
			isa = XCConfigurationList;
			buildConfigurations = (
				E0E55E302BE2B3AC00DCF1D7 /* Debug */,
				E0E55E312BE2B3AC00DCF1D7 /* Release */,
			);
			defaultConfigurationIsVisible = 0;
			defaultConfigurationName = Release;
		};
		E0E55E322BE2B3AC00DCF1D7 /* Build configuration list for PBXNativeTarget "Habbity" */ = {
			isa = XCConfigurationList;
			buildConfigurations = (
				E0E55E332BE2B3AC00DCF1D7 /* Debug */,
				E0E55E342BE2B3AC00DCF1D7 /* Release */,
			);
			defaultConfigurationIsVisible = 0;
			defaultConfigurationName = Release;
		};
		E0E55E352BE2B3AC00DCF1D7 /* Build configuration list for PBXNativeTarget "HabbityTests" */ = {
			isa = XCConfigurationList;
			buildConfigurations = (
				E0E55E362BE2B3AC00DCF1D7 /* Debug */,
				E0E55E372BE2B3AC00DCF1D7 /* Release */,
			);
			defaultConfigurationIsVisible = 0;
			defaultConfigurationName = Release;
		};
		E0E55E382BE2B3AC00DCF1D7 /* Build configuration list for PBXNativeTarget "HabbityUITests" */ = {
			isa = XCConfigurationList;
			buildConfigurations = (
				E0E55E392BE2B3AC00DCF1D7 /* Debug */,
				E0E55E3A2BE2B3AC00DCF1D7 /* Release */,
			);
			defaultConfigurationIsVisible = 0;
			defaultConfigurationName = Release;
		};
/* End XCConfigurationList section */

/* Begin XCRemoteSwiftPackageReference section */
		E056E5E42BE3E06C00EB2917 /* XCRemoteSwiftPackageReference "firebase-ios-sdk" */ = {
			isa = XCRemoteSwiftPackageReference;
			repositoryURL = "https://github.com/firebase/firebase-ios-sdk";
			requirement = {
				kind = upToNextMajorVersion;
				minimumVersion = 10.25.0;
			};
		};
		E0D031D12BEE3D6D00B0F1E0 /* XCRemoteSwiftPackageReference "SDWebImage" */ = {
			isa = XCRemoteSwiftPackageReference;
			repositoryURL = "https://github.com/SDWebImage/SDWebImage.git";
			requirement = {
				kind = upToNextMajorVersion;
				minimumVersion = 5.19.2;
			};
		};
/* End XCRemoteSwiftPackageReference section */

/* Begin XCSwiftPackageProductDependency section */
		E056E5E52BE3E06C00EB2917 /* FirebaseAuth */ = {
			isa = XCSwiftPackageProductDependency;
			package = E056E5E42BE3E06C00EB2917 /* XCRemoteSwiftPackageReference "firebase-ios-sdk" */;
			productName = FirebaseAuth;
		};
		E0D031C12BEE3ABE00B0F1E0 /* FirebaseDatabase */ = {
			isa = XCSwiftPackageProductDependency;
			package = E056E5E42BE3E06C00EB2917 /* XCRemoteSwiftPackageReference "firebase-ios-sdk" */;
			productName = FirebaseDatabase;
		};
		E0D031C32BEE3ABE00B0F1E0 /* FirebaseFirestore */ = {
			isa = XCSwiftPackageProductDependency;
			package = E056E5E42BE3E06C00EB2917 /* XCRemoteSwiftPackageReference "firebase-ios-sdk" */;
			productName = FirebaseFirestore;
		};
		E0D031C52BEE3ABE00B0F1E0 /* FirebaseStorage */ = {
			isa = XCSwiftPackageProductDependency;
			package = E056E5E42BE3E06C00EB2917 /* XCRemoteSwiftPackageReference "firebase-ios-sdk" */;
			productName = FirebaseStorage;
		};
		E0D031C72BEE3B9600B0F1E0 /* FirebaseAnalyticsSwift */ = {
			isa = XCSwiftPackageProductDependency;
			package = E056E5E42BE3E06C00EB2917 /* XCRemoteSwiftPackageReference "firebase-ios-sdk" */;
			productName = FirebaseAnalyticsSwift;
		};
		E0D031C92BEE3B9600B0F1E0 /* FirebaseDatabaseSwift */ = {
			isa = XCSwiftPackageProductDependency;
			package = E056E5E42BE3E06C00EB2917 /* XCRemoteSwiftPackageReference "firebase-ios-sdk" */;
			productName = FirebaseDatabaseSwift;
		};
		E0D031CB2BEE3B9600B0F1E0 /* FirebaseFirestoreSwift */ = {
			isa = XCSwiftPackageProductDependency;
			package = E056E5E42BE3E06C00EB2917 /* XCRemoteSwiftPackageReference "firebase-ios-sdk" */;
			productName = FirebaseFirestoreSwift;
		};
		E0D031CD2BEE3B9600B0F1E0 /* FirebaseRemoteConfigSwift */ = {
			isa = XCSwiftPackageProductDependency;
			package = E056E5E42BE3E06C00EB2917 /* XCRemoteSwiftPackageReference "firebase-ios-sdk" */;
			productName = FirebaseRemoteConfigSwift;
		};
		E0D031D22BEE3D7A00B0F1E0 /* SDWebImage */ = {
			isa = XCSwiftPackageProductDependency;
			package = E0D031D12BEE3D6D00B0F1E0 /* XCRemoteSwiftPackageReference "SDWebImage" */;
			productName = SDWebImage;
		};
		E0D031D42BEE3D7A00B0F1E0 /* SDWebImageMapKit */ = {
			isa = XCSwiftPackageProductDependency;
			package = E0D031D12BEE3D6D00B0F1E0 /* XCRemoteSwiftPackageReference "SDWebImage" */;
			productName = SDWebImageMapKit;
		};
/* End XCSwiftPackageProductDependency section */
	};
	rootObject = E0E55E002BE2B3A000DCF1D7 /* Project object */;
}
